
Microsoft Visual Studio Solution File, Format Version 12.00
# Visual Studio 2013
VisualStudioVersion = 12.0.30501.0
MinimumVisualStudioVersion = 10.0.40219.1
Project("{FAE04EC0-301F-11D3-BF4B-00C04F79EFBC}") = "FlexCoreDAOs", "FlexCoreDAOs\FlexCoreDAOs.csproj", "{0C7B876D-1B63-46DA-B570-CFAF6F8452DA}"
EndProject
Project("{FAE04EC0-301F-11D3-BF4B-00C04F79EFBC}") = "Prueba", "Prueba\Prueba.csproj", "{F1EB8165-31CC-4990-A14D-DA7D626A740A}"
EndProject
Global
	GlobalSection(SolutionConfigurationPlatforms) = preSolution
		Debug|Any CPU = Debug|Any CPU
		Release|Any CPU = Release|Any CPU
	EndGlobalSection
	GlobalSection(ProjectConfigurationPlatforms) = postSolution
		{0C7B876D-1B63-46DA-B570-CFAF6F8452DA}.Debug|Any CPU.ActiveCfg = Debug|Any CPU
		{0C7B876D-1B63-46DA-B570-CFAF6F8452DA}.Debug|Any CPU.Build.0 = Debug|Any CPU
		{0C7B876D-1B63-46DA-B570-CFAF6F8452DA}.Release|Any CPU.ActiveCfg = Release|Any CPU
		{0C7B876D-1B63-46DA-B570-CFAF6F8452DA}.Release|Any CPU.Build.0 = Release|Any CPU
		{F1EB8165-31CC-4990-A14D-DA7D626A740A}.Debug|Any CPU.ActiveCfg = Debug|Any CPU
		{F1EB8165-31CC-4990-A14D-DA7D626A740A}.Debug|Any CPU.Build.0 = Debug|Any CPU
		{F1EB8165-31CC-4990-A14D-DA7D626A740A}.Release|Any CPU.ActiveCfg = Release|Any CPU
		{F1EB8165-31CC-4990-A14D-DA7D626A740A}.Release|Any CPU.Build.0 = Release|Any CPU
	EndGlobalSection
	GlobalSection(SolutionProperties) = preSolution
		HideSolutionNode = FALSE
	EndGlobalSection
EndGlobal
